{
  "version": 4,
  "terraform_version": "1.1.0",
  "serial": 42,
  "lineage": "64deeefa-b152-485e-7d7f-2d050c2903f8",
  "outputs": {
    "code_commit_repo": {
      "value": "https://git-codecommit.us-west-2.amazonaws.com/v1/repos/MyWebApp",
      "type": "string"
    },
    "elb": {
      "value": "test-lb-tf-1363424493.us-west-2.elb.amazonaws.com",
      "type": "string"
    }
  },
  "resources": [
    {
      "mode": "data",
      "type": "aws_ami",
      "name": "ubuntu",
      "provider": "provider[\"registry.terraform.io/hashicorp/aws\"]",
      "instances": [
        {
          "schema_version": 0,
          "attributes": {
            "architecture": "x86_64",
            "arn": "arn:aws:ec2:us-west-2::image/ami-0637e7dc7fcc9a2d9",
            "block_device_mappings": [
              {
                "device_name": "/dev/sda1",
                "ebs": {
                  "delete_on_termination": "true",
                  "encrypted": "false",
                  "iops": "0",
                  "snapshot_id": "snap-0f2d24232072e51d3",
                  "throughput": "0",
                  "volume_size": "8",
                  "volume_type": "gp2"
                },
                "no_device": "",
                "virtual_name": ""
              },
              {
                "device_name": "/dev/sdb",
                "ebs": {},
                "no_device": "",
                "virtual_name": "ephemeral0"
              },
              {
                "device_name": "/dev/sdc",
                "ebs": {},
                "no_device": "",
                "virtual_name": "ephemeral1"
              }
            ],
            "boot_mode": "",
            "creation_date": "2022-02-01T00:17:37.000Z",
            "description": "Canonical, Ubuntu, 20.04 LTS, amd64 focal image build on 2022-01-31",
            "ena_support": true,
            "executable_users": null,
            "filter": [
              {
                "name": "name",
                "values": [
                  "ubuntu/images/hvm-ssd/ubuntu-focal-20.04-amd64-server-*"
                ]
              },
              {
                "name": "virtualization-type",
                "values": [
                  "hvm"
                ]
              }
            ],
            "hypervisor": "xen",
            "id": "ami-0637e7dc7fcc9a2d9",
            "image_id": "ami-0637e7dc7fcc9a2d9",
            "image_location": "099720109477/ubuntu/images/hvm-ssd/ubuntu-focal-20.04-amd64-server-20220131",
            "image_owner_alias": null,
            "image_type": "machine",
            "kernel_id": null,
            "most_recent": true,
            "name": "ubuntu/images/hvm-ssd/ubuntu-focal-20.04-amd64-server-20220131",
            "name_regex": null,
            "owner_id": "099720109477",
            "owners": [
              "099720109477"
            ],
            "platform": null,
            "platform_details": "Linux/UNIX",
            "product_codes": [],
            "public": true,
            "ramdisk_id": null,
            "root_device_name": "/dev/sda1",
            "root_device_type": "ebs",
            "root_snapshot_id": "snap-0f2d24232072e51d3",
            "sriov_net_support": "simple",
            "state": "available",
            "state_reason": {
              "code": "UNSET",
              "message": "UNSET"
            },
            "tags": {},
            "usage_operation": "RunInstances",
            "virtualization_type": "hvm"
          },
          "sensitive_attributes": []
        }
      ]
    },
    {
      "mode": "data",
      "type": "aws_iam_policy_document",
      "name": "ecs_agent",
      "provider": "provider[\"registry.terraform.io/hashicorp/aws\"]",
      "instances": [
        {
          "schema_version": 0,
          "attributes": {
            "id": "1903849331",
            "json": "{\n  \"Version\": \"2012-10-17\",\n  \"Statement\": [\n    {\n      \"Sid\": \"\",\n      \"Effect\": \"Allow\",\n      \"Action\": \"sts:AssumeRole\",\n      \"Principal\": {\n        \"Service\": \"ec2.amazonaws.com\"\n      }\n    }\n  ]\n}",
            "override_json": null,
            "override_policy_documents": null,
            "policy_id": null,
            "source_json": null,
            "source_policy_documents": null,
            "statement": [
              {
                "actions": [
                  "sts:AssumeRole"
                ],
                "condition": [],
                "effect": "Allow",
                "not_actions": [],
                "not_principals": [],
                "not_resources": [],
                "principals": [
                  {
                    "identifiers": [
                      "ec2.amazonaws.com"
                    ],
                    "type": "Service"
                  }
                ],
                "resources": [],
                "sid": ""
              }
            ],
            "version": "2012-10-17"
          },
          "sensitive_attributes": []
        }
      ]
    },
    {
      "mode": "managed",
      "type": "aws_autoscaling_group",
      "name": "ecs_auto_scaling_group",
      "provider": "provider[\"registry.terraform.io/hashicorp/aws\"]",
      "instances": [
        {
          "schema_version": 0,
          "attributes": {
            "arn": "arn:aws:autoscaling:us-west-2:525993203459:autoScalingGroup:c482790b-5a62-4c3d-9b8d-caf857f0ba2b:autoScalingGroupName/asg",
            "availability_zones": [
              "us-west-2a"
            ],
            "capacity_rebalance": false,
            "default_cooldown": 300,
            "desired_capacity": 1,
            "enabled_metrics": [],
            "force_delete": false,
            "force_delete_warm_pool": false,
            "health_check_grace_period": 300,
            "health_check_type": "EC2",
            "id": "asg",
            "initial_lifecycle_hook": [],
            "instance_refresh": [],
            "launch_configuration": "terraform-20220228142006779300000003",
            "launch_template": [],
            "load_balancers": [],
            "max_instance_lifetime": 0,
            "max_size": 1,
            "metrics_granularity": "1Minute",
            "min_elb_capacity": null,
            "min_size": 1,
            "mixed_instances_policy": [],
            "name": "asg",
            "name_prefix": "",
            "placement_group": "",
            "protect_from_scale_in": false,
            "service_linked_role_arn": "arn:aws:iam::525993203459:role/aws-service-role/autoscaling.amazonaws.com/AWSServiceRoleForAutoScaling",
            "suspended_processes": [],
            "tag": [],
            "tags": null,
            "target_group_arns": [],
            "termination_policies": [],
            "timeouts": null,
            "vpc_zone_identifier": [
              "subnet-0cd99a9e24f7406e5"
            ],
            "wait_for_capacity_timeout": "10m",
            "wait_for_elb_capacity": null,
            "warm_pool": []
          },
          "sensitive_attributes": [],
          "private": "eyJlMmJmYjczMC1lY2FhLTExZTYtOGY4OC0zNDM2M2JjN2M0YzAiOnsiZGVsZXRlIjo2MDAwMDAwMDAwMDB9fQ==",
          "dependencies": [
            "aws_iam_role.ecs_agent",
            "aws_launch_configuration.ecs_launch_config",
            "aws_security_group.allow_ecs",
            "aws_subnet.public_subnet",
            "aws_vpc.web_vpc",
            "data.aws_iam_policy_document.ecs_agent",
            "aws_ecs_cluster.web_app_cluster",
            "aws_iam_instance_profile.ecs_agent"
          ]
        }
      ]
    },
    {
      "mode": "managed",
      "type": "aws_codebuild_project",
      "name": "containerAppBuild",
      "provider": "provider[\"registry.terraform.io/hashicorp/aws\"]",
      "instances": [
        {
          "schema_version": 0,
          "attributes": {
            "arn": "arn:aws:codebuild:us-west-2:525993203459:project/container-app-build",
            "artifacts": [
              {
                "artifact_identifier": "",
                "bucket_owner_access": "",
                "encryption_disabled": false,
                "location": "",
                "name": "container-app-build",
                "namespace_type": "",
                "override_artifact_name": false,
                "packaging": "NONE",
                "path": "",
                "type": "CODEPIPELINE"
              }
            ],
            "badge_enabled": false,
            "badge_url": "",
            "build_batch_config": [],
            "build_timeout": 60,
            "cache": [
              {
                "location": "",
                "modes": [],
                "type": "NO_CACHE"
              }
            ],
            "concurrent_build_limit": 0,
            "description": "",
            "encryption_key": "arn:aws:kms:us-west-2:525993203459:alias/aws/s3",
            "environment": [
              {
                "certificate": "",
                "compute_type": "BUILD_GENERAL1_SMALL",
                "environment_variable": [],
                "image": "aws/codebuild/standard:5.0",
                "image_pull_credentials_type": "CODEBUILD",
                "privileged_mode": true,
                "registry_credential": [],
                "type": "LINUX_CONTAINER"
              }
            ],
            "file_system_locations": [],
            "id": "arn:aws:codebuild:us-west-2:525993203459:project/container-app-build",
            "logs_config": [
              {
                "cloudwatch_logs": [
                  {
                    "group_name": "",
                    "status": "ENABLED",
                    "stream_name": ""
                  }
                ],
                "s3_logs": [
                  {
                    "bucket_owner_access": "",
                    "encryption_disabled": false,
                    "location": "",
                    "status": "DISABLED"
                  }
                ]
              }
            ],
            "name": "container-app-build",
            "project_visibility": "PRIVATE",
            "public_project_alias": "",
            "queued_timeout": 480,
            "resource_access_role": "",
            "secondary_artifacts": [],
            "secondary_source_version": [],
            "secondary_sources": [],
            "service_role": "arn:aws:iam::525993203459:role/containerAppBuildProjectRole",
            "source": [
              {
                "auth": [],
                "build_status_config": [],
                "buildspec": "",
                "git_clone_depth": 0,
                "git_submodules_config": [],
                "insecure_ssl": false,
                "location": "",
                "report_build_status": false,
                "type": "CODEPIPELINE"
              }
            ],
            "source_version": "",
            "tags": {
              "Environment": "Development"
            },
            "tags_all": {
              "Environment": "Development"
            },
            "vpc_config": []
          },
          "sensitive_attributes": [],
          "private": "bnVsbA==",
          "dependencies": [
            "aws_iam_role.containerAppBuildProjectRole"
          ]
        }
      ]
    },
    {
      "mode": "managed",
      "type": "aws_codecommit_repository",
      "name": "code_repo",
      "provider": "provider[\"registry.terraform.io/hashicorp/aws\"]",
      "instances": [
        {
          "schema_version": 0,
          "attributes": {
            "arn": "arn:aws:codecommit:us-west-2:525993203459:MyWebApp",
            "clone_url_http": "https://git-codecommit.us-west-2.amazonaws.com/v1/repos/MyWebApp",
            "clone_url_ssh": "ssh://git-codecommit.us-west-2.amazonaws.com/v1/repos/MyWebApp",
            "default_branch": null,
            "description": "This is a Sample Web App Repository",
            "id": "MyWebApp",
            "repository_id": "1b70e9d5-82a6-4e4b-93ed-93c3529cb01e",
            "repository_name": "MyWebApp",
            "tags": {},
            "tags_all": {}
          },
          "sensitive_attributes": [],
          "private": "bnVsbA=="
        }
      ]
    },
    {
      "mode": "managed",
      "type": "aws_codepipeline",
      "name": "web_app_pipeline",
      "provider": "provider[\"registry.terraform.io/hashicorp/aws\"]",
      "instances": [
        {
          "schema_version": 0,
          "attributes": {
            "arn": "arn:aws:codepipeline:us-west-2:525993203459:web-app-pipeline",
            "artifact_store": [
              {
                "encryption_key": [],
                "location": "jomakori-cicd-artifacts-bucket",
                "region": "",
                "type": "S3"
              }
            ],
            "id": "web-app-pipeline",
            "name": "web-app-pipeline",
            "role_arn": "arn:aws:iam::525993203459:role/apps-code-pipeline-role",
            "stage": [
              {
                "action": [
                  {
                    "category": "Source",
                    "configuration": {
                      "BranchName": "master",
                      "RepositoryName": "MyWebApp"
                    },
                    "input_artifacts": [],
                    "name": "Source",
                    "namespace": "",
                    "output_artifacts": [
                      "SourceArtifact"
                    ],
                    "owner": "AWS",
                    "provider": "CodeCommit",
                    "region": "",
                    "role_arn": "",
                    "run_order": 1,
                    "version": "1"
                  }
                ],
                "name": "Source"
              },
              {
                "action": [
                  {
                    "category": "Build",
                    "configuration": {
                      "EnvironmentVariables": "[{\"name\":\"environment\",\"type\":\"PLAINTEXT\",\"value\":\"Development\"},{\"name\":\"AWS_DEFAULT_REGION\",\"type\":\"PLAINTEXT\",\"value\":\"us-west-2\"},{\"name\":\"AWS_ACCOUNT_ID\",\"type\":\"PARAMETER_STORE\",\"value\":\"525993203459\"},{\"name\":\"IMAGE_REPO_NAME\",\"type\":\"PLAINTEXT\",\"value\":\"web_app_repo\"},{\"name\":\"IMAGE_TAG\",\"type\":\"PLAINTEXT\",\"value\":\"latest\"},{\"name\":\"CONTAINER_NAME\",\"type\":\"PLAINTEXT\",\"value\":\"web-app\"}]",
                      "ProjectName": "container-app-build"
                    },
                    "input_artifacts": [
                      "SourceArtifact"
                    ],
                    "name": "Build",
                    "namespace": "",
                    "output_artifacts": [
                      "BuildArtifact"
                    ],
                    "owner": "AWS",
                    "provider": "CodeBuild",
                    "region": "",
                    "role_arn": "",
                    "run_order": 1,
                    "version": "1"
                  }
                ],
                "name": "Build"
              },
              {
                "action": [
                  {
                    "category": "Deploy",
                    "configuration": {
                      "ClusterName": "web-app-cluster",
                      "FileName": "imagedefinitions.json",
                      "ServiceName": "web_app-service"
                    },
                    "input_artifacts": [
                      "BuildArtifact"
                    ],
                    "name": "Deploy",
                    "namespace": "",
                    "output_artifacts": [],
                    "owner": "AWS",
                    "provider": "ECS",
                    "region": "",
                    "role_arn": "",
                    "run_order": 1,
                    "version": "1"
                  }
                ],
                "name": "Deploy"
              }
            ],
            "tags": {
              "Environment": "Development"
            },
            "tags_all": {
              "Environment": "Development"
            }
          },
          "sensitive_attributes": [],
          "private": "bnVsbA==",
          "dependencies": [
            "aws_codebuild_project.containerAppBuild",
            "aws_codecommit_repository.code_repo",
            "aws_ecr_repository.web_app_repo",
            "aws_ecs_cluster.web_app_cluster",
            "aws_ecs_service.web_app_service",
            "aws_iam_role.apps_codepipeline_role",
            "aws_s3_bucket.cicd_bucket"
          ]
        }
      ]
    },
    {
      "mode": "managed",
      "type": "aws_ecr_repository",
      "name": "web_app_repo",
      "provider": "provider[\"registry.terraform.io/hashicorp/aws\"]",
      "instances": [
        {
          "schema_version": 0,
          "attributes": {
            "arn": "arn:aws:ecr:us-west-2:525993203459:repository/web_app_repo",
            "encryption_configuration": [
              {
                "encryption_type": "AES256",
                "kms_key": ""
              }
            ],
            "id": "web_app_repo",
            "image_scanning_configuration": [
              {
                "scan_on_push": true
              }
            ],
            "image_tag_mutability": "MUTABLE",
            "name": "web_app_repo",
            "registry_id": "525993203459",
            "repository_url": "525993203459.dkr.ecr.us-west-2.amazonaws.com/web_app_repo",
            "tags": {},
            "tags_all": {},
            "timeouts": null
          },
          "sensitive_attributes": [],
          "private": "eyJlMmJmYjczMC1lY2FhLTExZTYtOGY4OC0zNDM2M2JjN2M0YzAiOnsiZGVsZXRlIjoxMjAwMDAwMDAwMDAwfX0="
        }
      ]
    },
    {
      "mode": "managed",
      "type": "aws_ecs_cluster",
      "name": "web_app_cluster",
      "provider": "provider[\"registry.terraform.io/hashicorp/aws\"]",
      "instances": [
        {
          "schema_version": 0,
          "attributes": {
            "arn": "arn:aws:ecs:us-west-2:525993203459:cluster/web-app-cluster",
            "capacity_providers": [],
            "configuration": [],
            "default_capacity_provider_strategy": [],
            "id": "arn:aws:ecs:us-west-2:525993203459:cluster/web-app-cluster",
            "name": "web-app-cluster",
            "setting": [
              {
                "name": "containerInsights",
                "value": "enabled"
              }
            ],
            "tags": {},
            "tags_all": {}
          },
          "sensitive_attributes": [],
          "private": "bnVsbA=="
        }
      ]
    },
    {
      "mode": "managed",
      "type": "aws_ecs_service",
      "name": "web_app_service",
      "provider": "provider[\"registry.terraform.io/hashicorp/aws\"]",
      "instances": [
        {
          "schema_version": 0,
          "attributes": {
            "capacity_provider_strategy": [],
            "cluster": "arn:aws:ecs:us-west-2:525993203459:cluster/web-app-cluster",
            "deployment_circuit_breaker": [
              {
                "enable": false,
                "rollback": false
              }
            ],
            "deployment_controller": [
              {
                "type": "ECS"
              }
            ],
            "deployment_maximum_percent": 200,
            "deployment_minimum_healthy_percent": 100,
            "desired_count": 1,
            "enable_ecs_managed_tags": false,
            "enable_execute_command": false,
            "force_new_deployment": null,
            "health_check_grace_period_seconds": 0,
            "iam_role": "arn:aws:iam::525993203459:role/ec2_service_role",
            "id": "arn:aws:ecs:us-west-2:525993203459:service/web-app-cluster/web_app-service",
            "launch_type": "EC2",
            "load_balancer": [
              {
                "container_name": "web-app",
                "container_port": 5002,
                "elb_name": "",
                "target_group_arn": "arn:aws:elasticloadbalancing:us-west-2:525993203459:targetgroup/tf-example-lb-tg/15aecb12b3f219ff"
              }
            ],
            "name": "web_app-service",
            "network_configuration": [],
            "ordered_placement_strategy": [
              {
                "field": "cpu",
                "type": "binpack"
              }
            ],
            "placement_constraints": [],
            "platform_version": "",
            "propagate_tags": "NONE",
            "scheduling_strategy": "REPLICA",
            "service_registries": [],
            "tags": {},
            "tags_all": {},
            "task_definition": "arn:aws:ecs:us-west-2:525993203459:task-definition/service:1",
            "timeouts": null,
            "wait_for_steady_state": false
          },
          "sensitive_attributes": [],
          "private": "eyJlMmJmYjczMC1lY2FhLTExZTYtOGY4OC0zNDM2M2JjN2M0YzAiOnsiZGVsZXRlIjoxMjAwMDAwMDAwMDAwfX0=",
          "dependencies": [
            "aws_iam_role_policy.ecs_policy",
            "aws_lb.loadbalancer",
            "aws_ecs_cluster.web_app_cluster",
            "aws_ecs_task_definition.web_app_task",
            "aws_lb_target_group.lb_target",
            "aws_security_group.allow_elb",
            "aws_subnet.public_subnet",
            "aws_vpc.web_vpc",
            "aws_ecr_repository.web_app_repo",
            "aws_iam_role.ecs_service_role"
          ]
        }
      ]
    },
    {
      "mode": "managed",
      "type": "aws_ecs_task_definition",
      "name": "web_app_task",
      "provider": "provider[\"registry.terraform.io/hashicorp/aws\"]",
      "instances": [
        {
          "schema_version": 1,
          "attributes": {
            "arn": "arn:aws:ecs:us-west-2:525993203459:task-definition/service:1",
            "container_definitions": "[{\"cpu\":10,\"environment\":[],\"essential\":true,\"image\":\"525993203459.dkr.ecr.us-west-2.amazonaws.com/web_app_repo:latest\",\"memory\":512,\"mountPoints\":[],\"name\":\"web-app\",\"portMappings\":[{\"containerPort\":5002,\"hostPort\":0,\"protocol\":\"tcp\"}],\"volumesFrom\":[]}]",
            "cpu": "",
            "ephemeral_storage": [],
            "execution_role_arn": "",
            "family": "service",
            "id": "service",
            "inference_accelerator": [],
            "ipc_mode": "",
            "memory": "",
            "network_mode": "",
            "pid_mode": "",
            "placement_constraints": [
              {
                "expression": "attribute:ecs.availability-zone in [us-west-2a, us-west-2b]",
                "type": "memberOf"
              }
            ],
            "proxy_configuration": [],
            "requires_compatibilities": [],
            "revision": 1,
            "runtime_platform": [],
            "skip_destroy": false,
            "tags": {},
            "tags_all": {},
            "task_role_arn": "",
            "volume": [
              {
                "docker_volume_configuration": [],
                "efs_volume_configuration": [],
                "fsx_windows_file_server_volume_configuration": [],
                "host_path": "/ecs/service-storage",
                "name": "service-storage"
              }
            ]
          },
          "sensitive_attributes": [],
          "private": "eyJzY2hlbWFfdmVyc2lvbiI6IjEifQ==",
          "dependencies": [
            "aws_ecr_repository.web_app_repo"
          ]
        }
      ]
    },
    {
      "mode": "managed",
      "type": "aws_iam_instance_profile",
      "name": "ecs_agent",
      "provider": "provider[\"registry.terraform.io/hashicorp/aws\"]",
      "instances": [
        {
          "schema_version": 0,
          "attributes": {
            "arn": "arn:aws:iam::525993203459:instance-profile/ecs-agent",
            "create_date": "2022-02-28T14:19:55Z",
            "id": "ecs-agent",
            "name": "ecs-agent",
            "name_prefix": null,
            "path": "/",
            "role": "ecs-agent",
            "tags": {},
            "tags_all": {},
            "unique_id": "AIPAXU55DK4B5QWUGX2DH"
          },
          "sensitive_attributes": [],
          "private": "bnVsbA==",
          "dependencies": [
            "data.aws_iam_policy_document.ecs_agent",
            "aws_iam_role.ecs_agent"
          ]
        }
      ]
    },
    {
      "mode": "managed",
      "type": "aws_iam_role",
      "name": "apps_codepipeline_role",
      "provider": "provider[\"registry.terraform.io/hashicorp/aws\"]",
      "instances": [
        {
          "schema_version": 0,
          "attributes": {
            "arn": "arn:aws:iam::525993203459:role/apps-code-pipeline-role",
            "assume_role_policy": "{\"Version\":\"2012-10-17\",\"Statement\":[{\"Effect\":\"Allow\",\"Principal\":{\"Service\":\"codepipeline.amazonaws.com\"},\"Action\":\"sts:AssumeRole\"}]}",
            "create_date": "2022-02-28T14:19:54Z",
            "description": "",
            "force_detach_policies": false,
            "id": "apps-code-pipeline-role",
            "inline_policy": [
              {
                "name": "apps-codepipeline-role-policy",
                "policy": "{\n    \"Statement\": [\n        {\n            \"Action\": [\n                \"iam:PassRole\"\n            ],\n            \"Resource\": \"*\",\n            \"Effect\": \"Allow\",\n            \"Condition\": {\n                \"StringEqualsIfExists\": {\n                    \"iam:PassedToService\": [\n                        \"cloudformation.amazonaws.com\",\n                        \"elasticbeanstalk.amazonaws.com\",\n                        \"ec2.amazonaws.com\",\n                        \"ecs-tasks.amazonaws.com\"\n                    ]\n                }\n            }\n        },\n        {\n            \"Action\": [\n                \"codecommit:CancelUploadArchive\",\n                \"codecommit:GetBranch\",\n                \"codecommit:GetCommit\",\n                \"codecommit:GetRepository\",\n                \"codecommit:GetUploadArchiveStatus\",\n                \"codecommit:UploadArchive\"\n            ],\n            \"Resource\": \"*\",\n            \"Effect\": \"Allow\"\n        },\n        {\n            \"Action\": [\n                \"codedeploy:CreateDeployment\",\n                \"codedeploy:GetApplication\",\n                \"codedeploy:GetApplicationRevision\",\n                \"codedeploy:GetDeployment\",\n                \"codedeploy:GetDeploymentConfig\",\n                \"codedeploy:RegisterApplicationRevision\"\n            ],\n            \"Resource\": \"*\",\n            \"Effect\": \"Allow\"\n        },\n        {\n            \"Action\": [\n                \"codestar-connections:UseConnection\"\n            ],\n            \"Resource\": \"*\",\n            \"Effect\": \"Allow\"\n        },\n        {\n            \"Action\": [\n                \"elasticbeanstalk:*\",\n                \"ec2:*\",\n                \"elasticloadbalancing:*\",\n                \"autoscaling:*\",\n                \"cloudwatch:*\",\n                \"s3:*\",\n                \"sns:*\",\n                \"cloudformation:*\",\n                \"rds:*\",\n                \"sqs:*\",\n                \"ecs:*\"\n            ],\n            \"Resource\": \"*\",\n            \"Effect\": \"Allow\"\n        },\n        {\n            \"Action\": [\n                \"lambda:InvokeFunction\",\n                \"lambda:ListFunctions\"\n            ],\n            \"Resource\": \"*\",\n            \"Effect\": \"Allow\"\n        },\n        {\n            \"Action\": [\n                \"opsworks:CreateDeployment\",\n                \"opsworks:DescribeApps\",\n                \"opsworks:DescribeCommands\",\n                \"opsworks:DescribeDeployments\",\n                \"opsworks:DescribeInstances\",\n                \"opsworks:DescribeStacks\",\n                \"opsworks:UpdateApp\",\n                \"opsworks:UpdateStack\"\n            ],\n            \"Resource\": \"*\",\n            \"Effect\": \"Allow\"\n        },\n        {\n            \"Action\": [\n                \"cloudformation:CreateStack\",\n                \"cloudformation:DeleteStack\",\n                \"cloudformation:DescribeStacks\",\n                \"cloudformation:UpdateStack\",\n                \"cloudformation:CreateChangeSet\",\n                \"cloudformation:DeleteChangeSet\",\n                \"cloudformation:DescribeChangeSet\",\n                \"cloudformation:ExecuteChangeSet\",\n                \"cloudformation:SetStackPolicy\",\n                \"cloudformation:ValidateTemplate\"\n            ],\n            \"Resource\": \"*\",\n            \"Effect\": \"Allow\"\n        },\n        {\n            \"Action\": [\n                \"codebuild:BatchGetBuilds\",\n                \"codebuild:StartBuild\",\n                \"codebuild:BatchGetBuildBatches\",\n                \"codebuild:StartBuildBatch\"\n            ],\n            \"Resource\": \"*\",\n            \"Effect\": \"Allow\"\n        },\n        {\n            \"Effect\": \"Allow\",\n            \"Action\": [\n                \"devicefarm:ListProjects\",\n                \"devicefarm:ListDevicePools\",\n                \"devicefarm:GetRun\",\n                \"devicefarm:GetUpload\",\n                \"devicefarm:CreateUpload\",\n                \"devicefarm:ScheduleRun\"\n            ],\n            \"Resource\": \"*\"\n        },\n        {\n            \"Effect\": \"Allow\",\n            \"Action\": [\n                \"servicecatalog:ListProvisioningArtifacts\",\n                \"servicecatalog:CreateProvisioningArtifact\",\n                \"servicecatalog:DescribeProvisioningArtifact\",\n                \"servicecatalog:DeleteProvisioningArtifact\",\n                \"servicecatalog:UpdateProduct\"\n            ],\n            \"Resource\": \"*\"\n        },\n        {\n            \"Effect\": \"Allow\",\n            \"Action\": [\n                \"cloudformation:ValidateTemplate\"\n            ],\n            \"Resource\": \"*\"\n        },\n        {\n            \"Effect\": \"Allow\",\n            \"Action\": [\n                \"ecr:*\"\n            ],\n            \"Resource\": \"*\"\n        },\n        {\n            \"Effect\": \"Allow\",\n            \"Action\": [\n                \"states:DescribeExecution\",\n                \"states:DescribeStateMachine\",\n                \"states:StartExecution\"\n            ],\n            \"Resource\": \"*\"\n        },\n        {\n            \"Effect\": \"Allow\",\n            \"Action\": [\n                \"appconfig:StartDeployment\",\n                \"appconfig:StopDeployment\",\n                \"appconfig:GetDeployment\"\n            ],\n            \"Resource\": \"*\"\n        },\n        {\n            \"Effect\": \"Allow\",\n            \"Action\": [\n                \"ssm:DescribeParameters\"\n            ],\n            \"Resource\": \"*\"\n        },\n        {\n            \"Effect\": \"Allow\",\n            \"Action\": [\n                \"ssm:GetParameters\"\n            ],\n            \"Resource\": \"*\"\n        },\n        {\n         \"Effect\":\"Allow\",\n         \"Action\":[\n            \"kms:Decrypt\"\n         ],\n         \"Resource\":[\n            \"*\"\n         ]\n      }\n    ],\n    \"Version\": \"2012-10-17\"\n}\n"
              }
            ],
            "managed_policy_arns": [],
            "max_session_duration": 3600,
            "name": "apps-code-pipeline-role",
            "name_prefix": "",
            "path": "/",
            "permissions_boundary": null,
            "tags": {},
            "tags_all": {},
            "unique_id": "AROAXU55DK4B57YV5FKIH"
          },
          "sensitive_attributes": [],
          "private": "bnVsbA=="
        }
      ]
    },
    {
      "mode": "managed",
      "type": "aws_iam_role",
      "name": "containerAppBuildProjectRole",
      "provider": "provider[\"registry.terraform.io/hashicorp/aws\"]",
      "instances": [
        {
          "schema_version": 0,
          "attributes": {
            "arn": "arn:aws:iam::525993203459:role/containerAppBuildProjectRole",
            "assume_role_policy": "{\"Version\":\"2012-10-17\",\"Statement\":[{\"Effect\":\"Allow\",\"Principal\":{\"Service\":\"codebuild.amazonaws.com\"},\"Action\":\"sts:AssumeRole\"}]}",
            "create_date": "2022-02-28T14:19:54Z",
            "description": "",
            "force_detach_policies": false,
            "id": "containerAppBuildProjectRole",
            "inline_policy": [
              {
                "name": "terraform-20220228141955264200000001",
                "policy": "{\n  \"Version\": \"2012-10-17\",\n  \"Statement\": [\n    {\n      \"Effect\": \"Allow\",\n      \"Resource\": [\n        \"*\"\n      ],\n      \"Action\": [\n        \"logs:CreateLogGroup\",\n        \"logs:CreateLogStream\",\n        \"logs:PutLogEvents\"\n      ]\n    },\n    {\n      \"Effect\": \"Allow\",\n      \"Action\": [\n        \"ec2:CreateNetworkInterface\",\n        \"ec2:DescribeDhcpOptions\",\n        \"ec2:DescribeNetworkInterfaces\",\n        \"ec2:DeleteNetworkInterface\",\n        \"ec2:DescribeSubnets\",\n        \"ec2:DescribeSecurityGroups\",\n        \"ec2:DescribeVpcs\"\n      ],\n      \"Resource\": \"*\"\n    },\n    {\n      \"Effect\": \"Allow\",\n      \"Action\": [\n        \"ec2:CreateNetworkInterfacePermission\"\n      ],\n      \"Resource\": [\n        \"*\"\n      ]\n    },\n    {\n      \"Effect\": \"Allow\",\n      \"Action\": [\n        \"s3:*\"\n      ],\n      \"Resource\": [\n        \"*\"\n      ]\n    },\n    {\n            \"Effect\": \"Allow\",\n            \"Action\": [\n                \"ecr:*\"\n            ],\n            \"Resource\": \"*\"\n    },\n    {\n            \"Effect\": \"Allow\",\n            \"Action\": [\n                \"ecs:*\"\n            ],\n            \"Resource\": \"*\"\n    },\n    {\n            \"Effect\": \"Allow\",\n            \"Action\": [\n                \"ssm:DescribeParameters\"\n            ],\n            \"Resource\": \"*\"\n        },\n        {\n            \"Effect\": \"Allow\",\n            \"Action\": [\n                \"ssm:GetParameters\"\n            ],\n            \"Resource\": \"*\"\n        },\n        {\n         \"Effect\":\"Allow\",\n         \"Action\":[\n            \"kms:Decrypt\"\n         ],\n         \"Resource\":[\n            \"*\"\n         ]\n      }\n  ]\n}\n"
              }
            ],
            "managed_policy_arns": [],
            "max_session_duration": 3600,
            "name": "containerAppBuildProjectRole",
            "name_prefix": "",
            "path": "/",
            "permissions_boundary": null,
            "tags": {},
            "tags_all": {},
            "unique_id": "AROAXU55DK4BSPMYWCIGC"
          },
          "sensitive_attributes": [],
          "private": "bnVsbA=="
        }
      ]
    },
    {
      "mode": "managed",
      "type": "aws_iam_role",
      "name": "ecs_agent",
      "provider": "provider[\"registry.terraform.io/hashicorp/aws\"]",
      "instances": [
        {
          "schema_version": 0,
          "attributes": {
            "arn": "arn:aws:iam::525993203459:role/ecs-agent",
            "assume_role_policy": "{\"Version\":\"2012-10-17\",\"Statement\":[{\"Sid\":\"\",\"Effect\":\"Allow\",\"Principal\":{\"Service\":\"ec2.amazonaws.com\"},\"Action\":\"sts:AssumeRole\"}]}",
            "create_date": "2022-02-28T14:19:54Z",
            "description": "",
            "force_detach_policies": false,
            "id": "ecs-agent",
            "inline_policy": [
              {
                "name": "",
                "policy": ""
              }
            ],
            "managed_policy_arns": [
              "arn:aws:iam::aws:policy/service-role/AmazonEC2ContainerServiceforEC2Role"
            ],
            "max_session_duration": 3600,
            "name": "ecs-agent",
            "name_prefix": "",
            "path": "/",
            "permissions_boundary": null,
            "tags": {},
            "tags_all": {},
            "unique_id": "AROAXU55DK4BTURPO7DAK"
          },
          "sensitive_attributes": [],
          "private": "bnVsbA==",
          "dependencies": [
            "data.aws_iam_policy_document.ecs_agent"
          ]
        }
      ]
    },
    {
      "mode": "managed",
      "type": "aws_iam_role",
      "name": "ecs_service_role",
      "provider": "provider[\"registry.terraform.io/hashicorp/aws\"]",
      "instances": [
        {
          "schema_version": 0,
          "attributes": {
            "arn": "arn:aws:iam::525993203459:role/ec2_service_role",
            "assume_role_policy": "{\"Version\":\"2012-10-17\",\"Statement\":[{\"Sid\":\"\",\"Effect\":\"Allow\",\"Principal\":{\"Service\":\"ecs.amazonaws.com\"},\"Action\":\"sts:AssumeRole\"}]}",
            "create_date": "2022-02-28T14:19:54Z",
            "description": "",
            "force_detach_policies": false,
            "id": "ec2_service_role",
            "inline_policy": [
              {
                "name": "ecs_policy",
                "policy": "{\"Statement\":[{\"Action\":[\"ec2:AttachNetworkInterface\",\"ec2:CreateNetworkInterface\",\"ec2:CreateNetworkInterfacePermission\",\"ec2:DeleteNetworkInterface\",\"ec2:DeleteNetworkInterfacePermission\",\"ec2:Describe*\",\"ec2:DetachNetworkInterface\",\"elasticloadbalancing:DeregisterInstancesFromLoadBalancer\",\"elasticloadbalancing:DeregisterTargets\",\"elasticloadbalancing:Describe*\",\"elasticloadbalancing:RegisterInstancesWithLoadBalancer\",\"elasticloadbalancing:RegisterTargets\",\"route53:ChangeResourceRecordSets\",\"route53:CreateHealthCheck\",\"route53:DeleteHealthCheck\",\"route53:Get*\",\"route53:List*\",\"route53:UpdateHealthCheck\",\"servicediscovery:DeregisterInstance\",\"servicediscovery:Get*\",\"servicediscovery:List*\",\"servicediscovery:RegisterInstance\",\"servicediscovery:UpdateInstanceCustomHealthStatus\"],\"Effect\":\"Allow\",\"Resource\":\"*\",\"Sid\":\"ECSTaskManagement\"},{\"Action\":[\"autoscaling:Describe*\"],\"Effect\":\"Allow\",\"Resource\":\"*\",\"Sid\":\"AutoScaling\"},{\"Action\":[\"autoscaling:DeletePolicy\",\"autoscaling:PutScalingPolicy\",\"autoscaling:SetInstanceProtection\",\"autoscaling:UpdateAutoScalingGroup\"],\"Condition\":{\"Null\":{\"autoscaling:ResourceTag/AmazonECSManaged\":\"false\"}},\"Effect\":\"Allow\",\"Resource\":\"*\",\"Sid\":\"AutoScalingManagement\"},{\"Action\":[\"autoscaling-plans:CreateScalingPlan\",\"autoscaling-plans:DeleteScalingPlan\",\"autoscaling-plans:DescribeScalingPlans\"],\"Effect\":\"Allow\",\"Resource\":\"*\",\"Sid\":\"AutoScalingPlanManagement\"},{\"Action\":[\"cloudwatch:DeleteAlarms\",\"cloudwatch:DescribeAlarms\",\"cloudwatch:PutMetricAlarm\"],\"Effect\":\"Allow\",\"Resource\":\"arn:aws:cloudwatch:*:*:alarm:*\",\"Sid\":\"CWAlarmManagement\"},{\"Action\":[\"ec2:CreateTags\"],\"Effect\":\"Allow\",\"Resource\":\"arn:aws:ec2:*:*:network-interface/*\",\"Sid\":\"ECSTagging\"},{\"Action\":[\"logs:CreateLogGroup\",\"logs:DescribeLogGroups\",\"logs:PutRetentionPolicy\"],\"Effect\":\"Allow\",\"Resource\":\"arn:aws:logs:*:*:log-group:/aws/ecs/*\",\"Sid\":\"CWLogGroupManagement\"},{\"Action\":[\"logs:CreateLogStream\",\"logs:DescribeLogStreams\",\"logs:PutLogEvents\"],\"Effect\":\"Allow\",\"Resource\":\"arn:aws:logs:*:*:log-group:/aws/ecs/*:log-stream:*\",\"Sid\":\"CWLogStreamManagement\"},{\"Action\":[\"ssm:DescribeSessions\"],\"Effect\":\"Allow\",\"Resource\":\"*\",\"Sid\":\"ExecuteCommandSessionManagement\"},{\"Action\":[\"ssm:StartSession\"],\"Effect\":\"Allow\",\"Resource\":[\"arn:aws:ecs:*:*:task/*\",\"arn:aws:ssm:*:*:document/AmazonECS-ExecuteInteractiveCommand\"],\"Sid\":\"ExecuteCommand\"}],\"Version\":\"2012-10-17\"}"
              }
            ],
            "managed_policy_arns": [],
            "max_session_duration": 3600,
            "name": "ec2_service_role",
            "name_prefix": "",
            "path": "/",
            "permissions_boundary": null,
            "tags": {
              "tag-key": "ecs_service_role"
            },
            "tags_all": {
              "tag-key": "ecs_service_role"
            },
            "unique_id": "AROAXU55DK4BX4CNJV2ZX"
          },
          "sensitive_attributes": [],
          "private": "bnVsbA=="
        }
      ]
    },
    {
      "mode": "managed",
      "type": "aws_iam_role_policy",
      "name": "apps_codepipeline_role_policy",
      "provider": "provider[\"registry.terraform.io/hashicorp/aws\"]",
      "instances": [
        {
          "schema_version": 0,
          "attributes": {
            "id": "apps-code-pipeline-role:apps-codepipeline-role-policy",
            "name": "apps-codepipeline-role-policy",
            "name_prefix": null,
            "policy": "{\n    \"Statement\": [\n        {\n            \"Action\": [\n                \"iam:PassRole\"\n            ],\n            \"Resource\": \"*\",\n            \"Effect\": \"Allow\",\n            \"Condition\": {\n                \"StringEqualsIfExists\": {\n                    \"iam:PassedToService\": [\n                        \"cloudformation.amazonaws.com\",\n                        \"elasticbeanstalk.amazonaws.com\",\n                        \"ec2.amazonaws.com\",\n                        \"ecs-tasks.amazonaws.com\"\n                    ]\n                }\n            }\n        },\n        {\n            \"Action\": [\n                \"codecommit:CancelUploadArchive\",\n                \"codecommit:GetBranch\",\n                \"codecommit:GetCommit\",\n                \"codecommit:GetRepository\",\n                \"codecommit:GetUploadArchiveStatus\",\n                \"codecommit:UploadArchive\"\n            ],\n            \"Resource\": \"*\",\n            \"Effect\": \"Allow\"\n        },\n        {\n            \"Action\": [\n                \"codedeploy:CreateDeployment\",\n                \"codedeploy:GetApplication\",\n                \"codedeploy:GetApplicationRevision\",\n                \"codedeploy:GetDeployment\",\n                \"codedeploy:GetDeploymentConfig\",\n                \"codedeploy:RegisterApplicationRevision\"\n            ],\n            \"Resource\": \"*\",\n            \"Effect\": \"Allow\"\n        },\n        {\n            \"Action\": [\n                \"codestar-connections:UseConnection\"\n            ],\n            \"Resource\": \"*\",\n            \"Effect\": \"Allow\"\n        },\n        {\n            \"Action\": [\n                \"elasticbeanstalk:*\",\n                \"ec2:*\",\n                \"elasticloadbalancing:*\",\n                \"autoscaling:*\",\n                \"cloudwatch:*\",\n                \"s3:*\",\n                \"sns:*\",\n                \"cloudformation:*\",\n                \"rds:*\",\n                \"sqs:*\",\n                \"ecs:*\"\n            ],\n            \"Resource\": \"*\",\n            \"Effect\": \"Allow\"\n        },\n        {\n            \"Action\": [\n                \"lambda:InvokeFunction\",\n                \"lambda:ListFunctions\"\n            ],\n            \"Resource\": \"*\",\n            \"Effect\": \"Allow\"\n        },\n        {\n            \"Action\": [\n                \"opsworks:CreateDeployment\",\n                \"opsworks:DescribeApps\",\n                \"opsworks:DescribeCommands\",\n                \"opsworks:DescribeDeployments\",\n                \"opsworks:DescribeInstances\",\n                \"opsworks:DescribeStacks\",\n                \"opsworks:UpdateApp\",\n                \"opsworks:UpdateStack\"\n            ],\n            \"Resource\": \"*\",\n            \"Effect\": \"Allow\"\n        },\n        {\n            \"Action\": [\n                \"cloudformation:CreateStack\",\n                \"cloudformation:DeleteStack\",\n                \"cloudformation:DescribeStacks\",\n                \"cloudformation:UpdateStack\",\n                \"cloudformation:CreateChangeSet\",\n                \"cloudformation:DeleteChangeSet\",\n                \"cloudformation:DescribeChangeSet\",\n                \"cloudformation:ExecuteChangeSet\",\n                \"cloudformation:SetStackPolicy\",\n                \"cloudformation:ValidateTemplate\"\n            ],\n            \"Resource\": \"*\",\n            \"Effect\": \"Allow\"\n        },\n        {\n            \"Action\": [\n                \"codebuild:BatchGetBuilds\",\n                \"codebuild:StartBuild\",\n                \"codebuild:BatchGetBuildBatches\",\n                \"codebuild:StartBuildBatch\"\n            ],\n            \"Resource\": \"*\",\n            \"Effect\": \"Allow\"\n        },\n        {\n            \"Effect\": \"Allow\",\n            \"Action\": [\n                \"devicefarm:ListProjects\",\n                \"devicefarm:ListDevicePools\",\n                \"devicefarm:GetRun\",\n                \"devicefarm:GetUpload\",\n                \"devicefarm:CreateUpload\",\n                \"devicefarm:ScheduleRun\"\n            ],\n            \"Resource\": \"*\"\n        },\n        {\n            \"Effect\": \"Allow\",\n            \"Action\": [\n                \"servicecatalog:ListProvisioningArtifacts\",\n                \"servicecatalog:CreateProvisioningArtifact\",\n                \"servicecatalog:DescribeProvisioningArtifact\",\n                \"servicecatalog:DeleteProvisioningArtifact\",\n                \"servicecatalog:UpdateProduct\"\n            ],\n            \"Resource\": \"*\"\n        },\n        {\n            \"Effect\": \"Allow\",\n            \"Action\": [\n                \"cloudformation:ValidateTemplate\"\n            ],\n            \"Resource\": \"*\"\n        },\n        {\n            \"Effect\": \"Allow\",\n            \"Action\": [\n                \"ecr:*\"\n            ],\n            \"Resource\": \"*\"\n        },\n        {\n            \"Effect\": \"Allow\",\n            \"Action\": [\n                \"states:DescribeExecution\",\n                \"states:DescribeStateMachine\",\n                \"states:StartExecution\"\n            ],\n            \"Resource\": \"*\"\n        },\n        {\n            \"Effect\": \"Allow\",\n            \"Action\": [\n                \"appconfig:StartDeployment\",\n                \"appconfig:StopDeployment\",\n                \"appconfig:GetDeployment\"\n            ],\n            \"Resource\": \"*\"\n        },\n        {\n            \"Effect\": \"Allow\",\n            \"Action\": [\n                \"ssm:DescribeParameters\"\n            ],\n            \"Resource\": \"*\"\n        },\n        {\n            \"Effect\": \"Allow\",\n            \"Action\": [\n                \"ssm:GetParameters\"\n            ],\n            \"Resource\": \"*\"\n        },\n        {\n         \"Effect\":\"Allow\",\n         \"Action\":[\n            \"kms:Decrypt\"\n         ],\n         \"Resource\":[\n            \"*\"\n         ]\n      }\n    ],\n    \"Version\": \"2012-10-17\"\n}\n",
            "role": "apps-code-pipeline-role"
          },
          "sensitive_attributes": [],
          "private": "bnVsbA==",
          "dependencies": [
            "aws_iam_role.apps_codepipeline_role"
          ]
        }
      ]
    },
    {
      "mode": "managed",
      "type": "aws_iam_role_policy",
      "name": "containerAppBuildProjectRolePolicy",
      "provider": "provider[\"registry.terraform.io/hashicorp/aws\"]",
      "instances": [
        {
          "schema_version": 0,
          "attributes": {
            "id": "containerAppBuildProjectRole:terraform-20220228141955264200000001",
            "name": "terraform-20220228141955264200000001",
            "name_prefix": null,
            "policy": "{\n  \"Version\": \"2012-10-17\",\n  \"Statement\": [\n    {\n      \"Effect\": \"Allow\",\n      \"Resource\": [\n        \"*\"\n      ],\n      \"Action\": [\n        \"logs:CreateLogGroup\",\n        \"logs:CreateLogStream\",\n        \"logs:PutLogEvents\"\n      ]\n    },\n    {\n      \"Effect\": \"Allow\",\n      \"Action\": [\n        \"ec2:CreateNetworkInterface\",\n        \"ec2:DescribeDhcpOptions\",\n        \"ec2:DescribeNetworkInterfaces\",\n        \"ec2:DeleteNetworkInterface\",\n        \"ec2:DescribeSubnets\",\n        \"ec2:DescribeSecurityGroups\",\n        \"ec2:DescribeVpcs\"\n      ],\n      \"Resource\": \"*\"\n    },\n    {\n      \"Effect\": \"Allow\",\n      \"Action\": [\n        \"ec2:CreateNetworkInterfacePermission\"\n      ],\n      \"Resource\": [\n        \"*\"\n      ]\n    },\n    {\n      \"Effect\": \"Allow\",\n      \"Action\": [\n        \"s3:*\"\n      ],\n      \"Resource\": [\n        \"*\"\n      ]\n    },\n    {\n            \"Effect\": \"Allow\",\n            \"Action\": [\n                \"ecr:*\"\n            ],\n            \"Resource\": \"*\"\n    },\n    {\n            \"Effect\": \"Allow\",\n            \"Action\": [\n                \"ecs:*\"\n            ],\n            \"Resource\": \"*\"\n    },\n    {\n            \"Effect\": \"Allow\",\n            \"Action\": [\n                \"ssm:DescribeParameters\"\n            ],\n            \"Resource\": \"*\"\n        },\n        {\n            \"Effect\": \"Allow\",\n            \"Action\": [\n                \"ssm:GetParameters\"\n            ],\n            \"Resource\": \"*\"\n        },\n        {\n         \"Effect\":\"Allow\",\n         \"Action\":[\n            \"kms:Decrypt\"\n         ],\n         \"Resource\":[\n            \"*\"\n         ]\n      }\n  ]\n}\n",
            "role": "containerAppBuildProjectRole"
          },
          "sensitive_attributes": [],
          "private": "bnVsbA==",
          "dependencies": [
            "aws_iam_role.containerAppBuildProjectRole"
          ]
        }
      ]
    },
    {
      "mode": "managed",
      "type": "aws_iam_role_policy",
      "name": "ecs_policy",
      "provider": "provider[\"registry.terraform.io/hashicorp/aws\"]",
      "instances": [
        {
          "schema_version": 0,
          "attributes": {
            "id": "ec2_service_role:ecs_policy",
            "name": "ecs_policy",
            "name_prefix": null,
            "policy": "{\"Statement\":[{\"Action\":[\"ec2:AttachNetworkInterface\",\"ec2:CreateNetworkInterface\",\"ec2:CreateNetworkInterfacePermission\",\"ec2:DeleteNetworkInterface\",\"ec2:DeleteNetworkInterfacePermission\",\"ec2:Describe*\",\"ec2:DetachNetworkInterface\",\"elasticloadbalancing:DeregisterInstancesFromLoadBalancer\",\"elasticloadbalancing:DeregisterTargets\",\"elasticloadbalancing:Describe*\",\"elasticloadbalancing:RegisterInstancesWithLoadBalancer\",\"elasticloadbalancing:RegisterTargets\",\"route53:ChangeResourceRecordSets\",\"route53:CreateHealthCheck\",\"route53:DeleteHealthCheck\",\"route53:Get*\",\"route53:List*\",\"route53:UpdateHealthCheck\",\"servicediscovery:DeregisterInstance\",\"servicediscovery:Get*\",\"servicediscovery:List*\",\"servicediscovery:RegisterInstance\",\"servicediscovery:UpdateInstanceCustomHealthStatus\"],\"Effect\":\"Allow\",\"Resource\":\"*\",\"Sid\":\"ECSTaskManagement\"},{\"Action\":[\"autoscaling:Describe*\"],\"Effect\":\"Allow\",\"Resource\":\"*\",\"Sid\":\"AutoScaling\"},{\"Action\":[\"autoscaling:DeletePolicy\",\"autoscaling:PutScalingPolicy\",\"autoscaling:SetInstanceProtection\",\"autoscaling:UpdateAutoScalingGroup\"],\"Condition\":{\"Null\":{\"autoscaling:ResourceTag/AmazonECSManaged\":\"false\"}},\"Effect\":\"Allow\",\"Resource\":\"*\",\"Sid\":\"AutoScalingManagement\"},{\"Action\":[\"autoscaling-plans:CreateScalingPlan\",\"autoscaling-plans:DeleteScalingPlan\",\"autoscaling-plans:DescribeScalingPlans\"],\"Effect\":\"Allow\",\"Resource\":\"*\",\"Sid\":\"AutoScalingPlanManagement\"},{\"Action\":[\"cloudwatch:DeleteAlarms\",\"cloudwatch:DescribeAlarms\",\"cloudwatch:PutMetricAlarm\"],\"Effect\":\"Allow\",\"Resource\":\"arn:aws:cloudwatch:*:*:alarm:*\",\"Sid\":\"CWAlarmManagement\"},{\"Action\":[\"ec2:CreateTags\"],\"Effect\":\"Allow\",\"Resource\":\"arn:aws:ec2:*:*:network-interface/*\",\"Sid\":\"ECSTagging\"},{\"Action\":[\"logs:CreateLogGroup\",\"logs:DescribeLogGroups\",\"logs:PutRetentionPolicy\"],\"Effect\":\"Allow\",\"Resource\":\"arn:aws:logs:*:*:log-group:/aws/ecs/*\",\"Sid\":\"CWLogGroupManagement\"},{\"Action\":[\"logs:CreateLogStream\",\"logs:DescribeLogStreams\",\"logs:PutLogEvents\"],\"Effect\":\"Allow\",\"Resource\":\"arn:aws:logs:*:*:log-group:/aws/ecs/*:log-stream:*\",\"Sid\":\"CWLogStreamManagement\"},{\"Action\":[\"ssm:DescribeSessions\"],\"Effect\":\"Allow\",\"Resource\":\"*\",\"Sid\":\"ExecuteCommandSessionManagement\"},{\"Action\":[\"ssm:StartSession\"],\"Effect\":\"Allow\",\"Resource\":[\"arn:aws:ecs:*:*:task/*\",\"arn:aws:ssm:*:*:document/AmazonECS-ExecuteInteractiveCommand\"],\"Sid\":\"ExecuteCommand\"}],\"Version\":\"2012-10-17\"}",
            "role": "ec2_service_role"
          },
          "sensitive_attributes": [],
          "private": "bnVsbA==",
          "dependencies": [
            "aws_iam_role.ecs_service_role"
          ]
        }
      ]
    },
    {
      "mode": "managed",
      "type": "aws_iam_role_policy_attachment",
      "name": "ecs_agent",
      "provider": "provider[\"registry.terraform.io/hashicorp/aws\"]",
      "instances": [
        {
          "schema_version": 0,
          "attributes": {
            "id": "ecs-agent-20220228141955401100000002",
            "policy_arn": "arn:aws:iam::aws:policy/service-role/AmazonEC2ContainerServiceforEC2Role",
            "role": "ecs-agent"
          },
          "sensitive_attributes": [],
          "private": "bnVsbA==",
          "dependencies": [
            "aws_iam_role.ecs_agent",
            "data.aws_iam_policy_document.ecs_agent"
          ]
        }
      ]
    },
    {
      "mode": "managed",
      "type": "aws_internet_gateway",
      "name": "web_igw",
      "provider": "provider[\"registry.terraform.io/hashicorp/aws\"]",
      "instances": [
        {
          "schema_version": 0,
          "attributes": {
            "arn": "arn:aws:ec2:us-west-2:525993203459:internet-gateway/igw-0f627bab684c4773a",
            "id": "igw-0f627bab684c4773a",
            "owner_id": "525993203459",
            "tags": {},
            "tags_all": {},
            "vpc_id": "vpc-0f3289e9bd6284cd3"
          },
          "sensitive_attributes": [],
          "private": "bnVsbA==",
          "dependencies": [
            "aws_vpc.web_vpc"
          ]
        }
      ]
    },
    {
      "mode": "managed",
      "type": "aws_launch_configuration",
      "name": "ecs_launch_config",
      "provider": "provider[\"registry.terraform.io/hashicorp/aws\"]",
      "instances": [
        {
          "schema_version": 0,
          "attributes": {
            "arn": "arn:aws:autoscaling:us-west-2:525993203459:launchConfiguration:3d214017-24ea-4f18-9a78-3de8230abf29:launchConfigurationName/terraform-20220228142006779300000003",
            "associate_public_ip_address": false,
            "ebs_block_device": [],
            "ebs_optimized": false,
            "enable_monitoring": true,
            "ephemeral_block_device": [],
            "iam_instance_profile": "ecs-agent",
            "id": "terraform-20220228142006779300000003",
            "image_id": "ami-072aaf1b030a33b6e",
            "instance_type": "t2.medium",
            "key_name": "",
            "metadata_options": [],
            "name": "terraform-20220228142006779300000003",
            "name_prefix": "terraform-",
            "placement_tenancy": null,
            "root_block_device": [],
            "security_groups": [
              "sg-08b694fc819927fc3"
            ],
            "spot_price": "",
            "user_data": "b2031bd4205025265e64462062bef4937fa036ed",
            "user_data_base64": null,
            "vpc_classic_link_id": "",
            "vpc_classic_link_security_groups": []
          },
          "sensitive_attributes": [],
          "private": "bnVsbA==",
          "dependencies": [
            "data.aws_iam_policy_document.ecs_agent",
            "aws_ecs_cluster.web_app_cluster",
            "aws_iam_instance_profile.ecs_agent",
            "aws_iam_role.ecs_agent",
            "aws_security_group.allow_ecs",
            "aws_vpc.web_vpc"
          ]
        }
      ]
    },
    {
      "mode": "managed",
      "type": "aws_lb",
      "name": "loadbalancer",
      "provider": "provider[\"registry.terraform.io/hashicorp/aws\"]",
      "instances": [
        {
          "schema_version": 0,
          "attributes": {
            "access_logs": [
              {
                "bucket": "",
                "enabled": false,
                "prefix": ""
              }
            ],
            "arn": "arn:aws:elasticloadbalancing:us-west-2:525993203459:loadbalancer/app/test-lb-tf/acf3d8edaac92a8c",
            "arn_suffix": "app/test-lb-tf/acf3d8edaac92a8c",
            "customer_owned_ipv4_pool": "",
            "desync_mitigation_mode": "defensive",
            "dns_name": "test-lb-tf-1363424493.us-west-2.elb.amazonaws.com",
            "drop_invalid_header_fields": false,
            "enable_cross_zone_load_balancing": null,
            "enable_deletion_protection": false,
            "enable_http2": true,
            "enable_waf_fail_open": false,
            "id": "arn:aws:elasticloadbalancing:us-west-2:525993203459:loadbalancer/app/test-lb-tf/acf3d8edaac92a8c",
            "idle_timeout": 60,
            "internal": false,
            "ip_address_type": "ipv4",
            "load_balancer_type": "application",
            "name": "test-lb-tf",
            "name_prefix": null,
            "security_groups": [
              "sg-0ca8a4fdaf10543a8"
            ],
            "subnet_mapping": [
              {
                "allocation_id": "",
                "ipv6_address": "",
                "outpost_id": "",
                "private_ipv4_address": "",
                "subnet_id": "subnet-02569a12080da5765"
              },
              {
                "allocation_id": "",
                "ipv6_address": "",
                "outpost_id": "",
                "private_ipv4_address": "",
                "subnet_id": "subnet-0cd99a9e24f7406e5"
              }
            ],
            "subnets": [
              "subnet-02569a12080da5765",
              "subnet-0cd99a9e24f7406e5"
            ],
            "tags": {
              "Environment": "Development"
            },
            "tags_all": {
              "Environment": "Development"
            },
            "timeouts": null,
            "vpc_id": "vpc-0f3289e9bd6284cd3",
            "zone_id": "Z1H1FL5HABSF5"
          },
          "sensitive_attributes": [],
          "private": "eyJlMmJmYjczMC1lY2FhLTExZTYtOGY4OC0zNDM2M2JjN2M0YzAiOnsiY3JlYXRlIjo2MDAwMDAwMDAwMDAsImRlbGV0ZSI6NjAwMDAwMDAwMDAwLCJ1cGRhdGUiOjYwMDAwMDAwMDAwMH19",
          "dependencies": [
            "aws_subnet.public_subnet",
            "aws_vpc.web_vpc",
            "aws_security_group.allow_elb"
          ]
        }
      ]
    },
    {
      "mode": "managed",
      "type": "aws_lb_listener",
      "name": "front_end",
      "provider": "provider[\"registry.terraform.io/hashicorp/aws\"]",
      "instances": [
        {
          "schema_version": 0,
          "attributes": {
            "alpn_policy": null,
            "arn": "arn:aws:elasticloadbalancing:us-west-2:525993203459:listener/app/test-lb-tf/acf3d8edaac92a8c/77cb24b173872593",
            "certificate_arn": null,
            "default_action": [
              {
                "authenticate_cognito": [],
                "authenticate_oidc": [],
                "fixed_response": [],
                "forward": [],
                "order": 1,
                "redirect": [],
                "target_group_arn": "arn:aws:elasticloadbalancing:us-west-2:525993203459:targetgroup/tf-example-lb-tg/15aecb12b3f219ff",
                "type": "forward"
              }
            ],
            "id": "arn:aws:elasticloadbalancing:us-west-2:525993203459:listener/app/test-lb-tf/acf3d8edaac92a8c/77cb24b173872593",
            "load_balancer_arn": "arn:aws:elasticloadbalancing:us-west-2:525993203459:loadbalancer/app/test-lb-tf/acf3d8edaac92a8c",
            "port": 80,
            "protocol": "HTTP",
            "ssl_policy": "",
            "tags": {},
            "tags_all": {},
            "timeouts": null
          },
          "sensitive_attributes": [],
          "private": "eyJlMmJmYjczMC1lY2FhLTExZTYtOGY4OC0zNDM2M2JjN2M0YzAiOnsicmVhZCI6NjAwMDAwMDAwMDAwfX0=",
          "dependencies": [
            "aws_lb.loadbalancer",
            "aws_lb_target_group.lb_target",
            "aws_security_group.allow_elb",
            "aws_subnet.public_subnet",
            "aws_vpc.web_vpc"
          ]
        }
      ]
    },
    {
      "mode": "managed",
      "type": "aws_lb_target_group",
      "name": "lb_target",
      "provider": "provider[\"registry.terraform.io/hashicorp/aws\"]",
      "instances": [
        {
          "schema_version": 0,
          "attributes": {
            "arn": "arn:aws:elasticloadbalancing:us-west-2:525993203459:targetgroup/tf-example-lb-tg/15aecb12b3f219ff",
            "arn_suffix": "targetgroup/tf-example-lb-tg/15aecb12b3f219ff",
            "connection_termination": false,
            "deregistration_delay": "300",
            "health_check": [
              {
                "enabled": true,
                "healthy_threshold": 5,
                "interval": 30,
                "matcher": "200",
                "path": "/",
                "port": "traffic-port",
                "protocol": "HTTP",
                "timeout": 5,
                "unhealthy_threshold": 2
              }
            ],
            "id": "arn:aws:elasticloadbalancing:us-west-2:525993203459:targetgroup/tf-example-lb-tg/15aecb12b3f219ff",
            "lambda_multi_value_headers_enabled": false,
            "load_balancing_algorithm_type": "round_robin",
            "name": "tf-example-lb-tg",
            "name_prefix": null,
            "port": 80,
            "preserve_client_ip": null,
            "protocol": "HTTP",
            "protocol_version": "HTTP1",
            "proxy_protocol_v2": false,
            "slow_start": 0,
            "stickiness": [
              {
                "cookie_duration": 86400,
                "cookie_name": "",
                "enabled": false,
                "type": "lb_cookie"
              }
            ],
            "tags": {},
            "tags_all": {},
            "target_type": "instance",
            "vpc_id": "vpc-0f3289e9bd6284cd3"
          },
          "sensitive_attributes": [],
          "private": "bnVsbA==",
          "dependencies": [
            "aws_security_group.allow_elb",
            "aws_subnet.public_subnet",
            "aws_vpc.web_vpc",
            "aws_lb.loadbalancer"
          ]
        }
      ]
    },
    {
      "mode": "managed",
      "type": "aws_route_table",
      "name": "public_rt",
      "provider": "provider[\"registry.terraform.io/hashicorp/aws\"]",
      "instances": [
        {
          "schema_version": 0,
          "attributes": {
            "arn": "arn:aws:ec2:us-west-2:525993203459:route-table/rtb-0e8a8fa123448b0a4",
            "id": "rtb-0e8a8fa123448b0a4",
            "owner_id": "525993203459",
            "propagating_vgws": [],
            "route": [
              {
                "carrier_gateway_id": "",
                "cidr_block": "0.0.0.0/0",
                "destination_prefix_list_id": "",
                "egress_only_gateway_id": "",
                "gateway_id": "igw-0f627bab684c4773a",
                "instance_id": "",
                "ipv6_cidr_block": "",
                "local_gateway_id": "",
                "nat_gateway_id": "",
                "network_interface_id": "",
                "transit_gateway_id": "",
                "vpc_endpoint_id": "",
                "vpc_peering_connection_id": ""
              }
            ],
            "tags": {
              "Name": "Public Subnet Route Table"
            },
            "tags_all": {
              "Name": "Public Subnet Route Table"
            },
            "timeouts": null,
            "vpc_id": "vpc-0f3289e9bd6284cd3"
          },
          "sensitive_attributes": [],
          "private": "eyJlMmJmYjczMC1lY2FhLTExZTYtOGY4OC0zNDM2M2JjN2M0YzAiOnsiY3JlYXRlIjozMDAwMDAwMDAwMDAsImRlbGV0ZSI6MzAwMDAwMDAwMDAwLCJ1cGRhdGUiOjEyMDAwMDAwMDAwMH19",
          "dependencies": [
            "aws_internet_gateway.web_igw",
            "aws_vpc.web_vpc"
          ]
        }
      ]
    },
    {
      "mode": "managed",
      "type": "aws_route_table_association",
      "name": "public_subnet_rta",
      "provider": "provider[\"registry.terraform.io/hashicorp/aws\"]",
      "instances": [
        {
          "index_key": 0,
          "schema_version": 0,
          "attributes": {
            "gateway_id": "",
            "id": "rtbassoc-0ccdca658f0ae7908",
            "route_table_id": "rtb-0e8a8fa123448b0a4",
            "subnet_id": "subnet-0cd99a9e24f7406e5"
          },
          "sensitive_attributes": [],
          "private": "bnVsbA==",
          "dependencies": [
            "aws_internet_gateway.web_igw",
            "aws_route_table.public_rt",
            "aws_subnet.public_subnet",
            "aws_vpc.web_vpc"
          ]
        },
        {
          "index_key": 1,
          "schema_version": 0,
          "attributes": {
            "gateway_id": "",
            "id": "rtbassoc-0120cb3b5209aec93",
            "route_table_id": "rtb-0e8a8fa123448b0a4",
            "subnet_id": "subnet-02569a12080da5765"
          },
          "sensitive_attributes": [],
          "private": "bnVsbA==",
          "dependencies": [
            "aws_route_table.public_rt",
            "aws_subnet.public_subnet",
            "aws_vpc.web_vpc",
            "aws_internet_gateway.web_igw"
          ]
        }
      ]
    },
    {
      "mode": "managed",
      "type": "aws_s3_bucket",
      "name": "cicd_bucket",
      "provider": "provider[\"registry.terraform.io/hashicorp/aws\"]",
      "instances": [
        {
          "schema_version": 0,
          "attributes": {
            "acceleration_status": "",
            "acl": "private",
            "arn": "arn:aws:s3:::jomakori-cicd-artifacts-bucket",
            "bucket": "jomakori-cicd-artifacts-bucket",
            "bucket_domain_name": "jomakori-cicd-artifacts-bucket.s3.amazonaws.com",
            "bucket_prefix": null,
            "bucket_regional_domain_name": "jomakori-cicd-artifacts-bucket.s3.us-west-2.amazonaws.com",
            "cors_rule": [],
            "force_destroy": true,
            "grant": [],
            "hosted_zone_id": "Z3BJ6K6RIION7M",
            "id": "jomakori-cicd-artifacts-bucket",
            "lifecycle_rule": [],
            "logging": [],
            "object_lock_configuration": [],
            "policy": "",
            "region": "us-west-2",
            "replication_configuration": [],
            "request_payer": "BucketOwner",
            "server_side_encryption_configuration": [],
            "tags": {},
            "tags_all": {},
            "versioning": [
              {
                "enabled": false,
                "mfa_delete": false
              }
            ],
            "website": [],
            "website_domain": null,
            "website_endpoint": null
          },
          "sensitive_attributes": [],
          "private": "bnVsbA=="
        }
      ]
    },
    {
      "mode": "managed",
      "type": "aws_security_group",
      "name": "allow_ecs",
      "provider": "provider[\"registry.terraform.io/hashicorp/aws\"]",
      "instances": [
        {
          "schema_version": 1,
          "attributes": {
            "arn": "arn:aws:ec2:us-west-2:525993203459:security-group/sg-08b694fc819927fc3",
            "description": "Allow all inbound traffic",
            "egress": [
              {
                "cidr_blocks": [
                  "0.0.0.0/0"
                ],
                "description": "",
                "from_port": 0,
                "ipv6_cidr_blocks": [],
                "prefix_list_ids": [],
                "protocol": "-1",
                "security_groups": [],
                "self": false,
                "to_port": 0
              }
            ],
            "id": "sg-08b694fc819927fc3",
            "ingress": [
              {
                "cidr_blocks": [
                  "0.0.0.0/0"
                ],
                "description": "",
                "from_port": 80,
                "ipv6_cidr_blocks": [],
                "prefix_list_ids": [],
                "protocol": "tcp",
                "security_groups": [],
                "self": false,
                "to_port": 80
              },
              {
                "cidr_blocks": [
                  "10.1.0.0/16"
                ],
                "description": "",
                "from_port": 0,
                "ipv6_cidr_blocks": [],
                "prefix_list_ids": [],
                "protocol": "-1",
                "security_groups": [],
                "self": false,
                "to_port": 0
              }
            ],
            "name": "allow_ecs",
            "name_prefix": "",
            "owner_id": "525993203459",
            "revoke_rules_on_delete": false,
            "tags": {
              "Name": "allow_ecs"
            },
            "tags_all": {
              "Name": "allow_ecs"
            },
            "timeouts": null,
            "vpc_id": "vpc-0f3289e9bd6284cd3"
          },
          "sensitive_attributes": [],
          "private": "eyJlMmJmYjczMC1lY2FhLTExZTYtOGY4OC0zNDM2M2JjN2M0YzAiOnsiY3JlYXRlIjo2MDAwMDAwMDAwMDAsImRlbGV0ZSI6OTAwMDAwMDAwMDAwfSwic2NoZW1hX3ZlcnNpb24iOiIxIn0=",
          "dependencies": [
            "aws_vpc.web_vpc"
          ]
        }
      ]
    },
    {
      "mode": "managed",
      "type": "aws_security_group",
      "name": "allow_elb",
      "provider": "provider[\"registry.terraform.io/hashicorp/aws\"]",
      "instances": [
        {
          "schema_version": 1,
          "attributes": {
            "arn": "arn:aws:ec2:us-west-2:525993203459:security-group/sg-0ca8a4fdaf10543a8",
            "description": "Allow all inbound traffic",
            "egress": [
              {
                "cidr_blocks": [
                  "0.0.0.0/0"
                ],
                "description": "",
                "from_port": 0,
                "ipv6_cidr_blocks": [],
                "prefix_list_ids": [],
                "protocol": "-1",
                "security_groups": [],
                "self": false,
                "to_port": 0
              }
            ],
            "id": "sg-0ca8a4fdaf10543a8",
            "ingress": [
              {
                "cidr_blocks": [
                  "0.0.0.0/0"
                ],
                "description": "",
                "from_port": 0,
                "ipv6_cidr_blocks": [],
                "prefix_list_ids": [],
                "protocol": "-1",
                "security_groups": [],
                "self": false,
                "to_port": 0
              }
            ],
            "name": "allow_elb",
            "name_prefix": "",
            "owner_id": "525993203459",
            "revoke_rules_on_delete": false,
            "tags": {
              "Name": "allow_elb"
            },
            "tags_all": {
              "Name": "allow_elb"
            },
            "timeouts": null,
            "vpc_id": "vpc-0f3289e9bd6284cd3"
          },
          "sensitive_attributes": [],
          "private": "eyJlMmJmYjczMC1lY2FhLTExZTYtOGY4OC0zNDM2M2JjN2M0YzAiOnsiY3JlYXRlIjo2MDAwMDAwMDAwMDAsImRlbGV0ZSI6OTAwMDAwMDAwMDAwfSwic2NoZW1hX3ZlcnNpb24iOiIxIn0=",
          "dependencies": [
            "aws_vpc.web_vpc"
          ]
        }
      ]
    },
    {
      "mode": "managed",
      "type": "aws_security_group",
      "name": "allow_http",
      "provider": "provider[\"registry.terraform.io/hashicorp/aws\"]",
      "instances": [
        {
          "schema_version": 1,
          "attributes": {
            "arn": "arn:aws:ec2:us-west-2:525993203459:security-group/sg-05f2744e261755abb",
            "description": "Allow HTTP inbound traffic",
            "egress": [
              {
                "cidr_blocks": [
                  "0.0.0.0/0"
                ],
                "description": "HTTP to VPC",
                "from_port": 0,
                "ipv6_cidr_blocks": [
                  "::/0"
                ],
                "prefix_list_ids": [],
                "protocol": "-1",
                "security_groups": [],
                "self": false,
                "to_port": 0
              }
            ],
            "id": "sg-05f2744e261755abb",
            "ingress": [
              {
                "cidr_blocks": [
                  "0.0.0.0/0"
                ],
                "description": "HTTP from VPC",
                "from_port": 80,
                "ipv6_cidr_blocks": [
                  "::/0"
                ],
                "prefix_list_ids": [],
                "protocol": "tcp",
                "security_groups": [],
                "self": false,
                "to_port": 80
              }
            ],
            "name": "allow_http",
            "name_prefix": "",
            "owner_id": "525993203459",
            "revoke_rules_on_delete": false,
            "tags": {
              "Name": "allow_http"
            },
            "tags_all": {
              "Name": "allow_http"
            },
            "timeouts": null,
            "vpc_id": "vpc-0f3289e9bd6284cd3"
          },
          "sensitive_attributes": [],
          "private": "eyJlMmJmYjczMC1lY2FhLTExZTYtOGY4OC0zNDM2M2JjN2M0YzAiOnsiY3JlYXRlIjo2MDAwMDAwMDAwMDAsImRlbGV0ZSI6OTAwMDAwMDAwMDAwfSwic2NoZW1hX3ZlcnNpb24iOiIxIn0=",
          "dependencies": [
            "aws_vpc.web_vpc"
          ]
        }
      ]
    },
    {
      "mode": "managed",
      "type": "aws_subnet",
      "name": "private_subnet",
      "provider": "provider[\"registry.terraform.io/hashicorp/aws\"]",
      "instances": [
        {
          "index_key": 0,
          "schema_version": 1,
          "attributes": {
            "arn": "arn:aws:ec2:us-west-2:525993203459:subnet/subnet-08bea997203d22ca6",
            "assign_ipv6_address_on_creation": false,
            "availability_zone": "us-west-2a",
            "availability_zone_id": "usw2-az2",
            "cidr_block": "10.1.0.0/18",
            "customer_owned_ipv4_pool": "",
            "enable_dns64": false,
            "enable_resource_name_dns_a_record_on_launch": false,
            "enable_resource_name_dns_aaaa_record_on_launch": false,
            "id": "subnet-08bea997203d22ca6",
            "ipv6_cidr_block": "",
            "ipv6_cidr_block_association_id": "",
            "ipv6_native": false,
            "map_customer_owned_ip_on_launch": false,
            "map_public_ip_on_launch": false,
            "outpost_arn": "",
            "owner_id": "525993203459",
            "private_dns_hostname_type_on_launch": "ip-name",
            "tags": {
              "Name": "Private Subnet 1"
            },
            "tags_all": {
              "Name": "Private Subnet 1"
            },
            "timeouts": null,
            "vpc_id": "vpc-0f3289e9bd6284cd3"
          },
          "sensitive_attributes": [],
          "private": "eyJlMmJmYjczMC1lY2FhLTExZTYtOGY4OC0zNDM2M2JjN2M0YzAiOnsiY3JlYXRlIjo2MDAwMDAwMDAwMDAsImRlbGV0ZSI6MTIwMDAwMDAwMDAwMH0sInNjaGVtYV92ZXJzaW9uIjoiMSJ9",
          "dependencies": [
            "aws_vpc.web_vpc"
          ]
        },
        {
          "index_key": 1,
          "schema_version": 1,
          "attributes": {
            "arn": "arn:aws:ec2:us-west-2:525993203459:subnet/subnet-0d35c1571dc79eca8",
            "assign_ipv6_address_on_creation": false,
            "availability_zone": "us-west-2b",
            "availability_zone_id": "usw2-az1",
            "cidr_block": "10.1.64.0/18",
            "customer_owned_ipv4_pool": "",
            "enable_dns64": false,
            "enable_resource_name_dns_a_record_on_launch": false,
            "enable_resource_name_dns_aaaa_record_on_launch": false,
            "id": "subnet-0d35c1571dc79eca8",
            "ipv6_cidr_block": "",
            "ipv6_cidr_block_association_id": "",
            "ipv6_native": false,
            "map_customer_owned_ip_on_launch": false,
            "map_public_ip_on_launch": false,
            "outpost_arn": "",
            "owner_id": "525993203459",
            "private_dns_hostname_type_on_launch": "ip-name",
            "tags": {
              "Name": "Private Subnet 2"
            },
            "tags_all": {
              "Name": "Private Subnet 2"
            },
            "timeouts": null,
            "vpc_id": "vpc-0f3289e9bd6284cd3"
          },
          "sensitive_attributes": [],
          "private": "eyJlMmJmYjczMC1lY2FhLTExZTYtOGY4OC0zNDM2M2JjN2M0YzAiOnsiY3JlYXRlIjo2MDAwMDAwMDAwMDAsImRlbGV0ZSI6MTIwMDAwMDAwMDAwMH0sInNjaGVtYV92ZXJzaW9uIjoiMSJ9",
          "dependencies": [
            "aws_vpc.web_vpc"
          ]
        }
      ]
    },
    {
      "mode": "managed",
      "type": "aws_subnet",
      "name": "public_subnet",
      "provider": "provider[\"registry.terraform.io/hashicorp/aws\"]",
      "instances": [
        {
          "index_key": 0,
          "schema_version": 1,
          "attributes": {
            "arn": "arn:aws:ec2:us-west-2:525993203459:subnet/subnet-0cd99a9e24f7406e5",
            "assign_ipv6_address_on_creation": false,
            "availability_zone": "us-west-2a",
            "availability_zone_id": "usw2-az2",
            "cidr_block": "10.1.128.0/18",
            "customer_owned_ipv4_pool": "",
            "enable_dns64": false,
            "enable_resource_name_dns_a_record_on_launch": false,
            "enable_resource_name_dns_aaaa_record_on_launch": false,
            "id": "subnet-0cd99a9e24f7406e5",
            "ipv6_cidr_block": "",
            "ipv6_cidr_block_association_id": "",
            "ipv6_native": false,
            "map_customer_owned_ip_on_launch": false,
            "map_public_ip_on_launch": true,
            "outpost_arn": "",
            "owner_id": "525993203459",
            "private_dns_hostname_type_on_launch": "ip-name",
            "tags": {
              "Name": "Public Subnet 1"
            },
            "tags_all": {
              "Name": "Public Subnet 1"
            },
            "timeouts": null,
            "vpc_id": "vpc-0f3289e9bd6284cd3"
          },
          "sensitive_attributes": [],
          "private": "eyJlMmJmYjczMC1lY2FhLTExZTYtOGY4OC0zNDM2M2JjN2M0YzAiOnsiY3JlYXRlIjo2MDAwMDAwMDAwMDAsImRlbGV0ZSI6MTIwMDAwMDAwMDAwMH0sInNjaGVtYV92ZXJzaW9uIjoiMSJ9",
          "dependencies": [
            "aws_vpc.web_vpc"
          ]
        },
        {
          "index_key": 1,
          "schema_version": 1,
          "attributes": {
            "arn": "arn:aws:ec2:us-west-2:525993203459:subnet/subnet-02569a12080da5765",
            "assign_ipv6_address_on_creation": false,
            "availability_zone": "us-west-2b",
            "availability_zone_id": "usw2-az1",
            "cidr_block": "10.1.192.0/18",
            "customer_owned_ipv4_pool": "",
            "enable_dns64": false,
            "enable_resource_name_dns_a_record_on_launch": false,
            "enable_resource_name_dns_aaaa_record_on_launch": false,
            "id": "subnet-02569a12080da5765",
            "ipv6_cidr_block": "",
            "ipv6_cidr_block_association_id": "",
            "ipv6_native": false,
            "map_customer_owned_ip_on_launch": false,
            "map_public_ip_on_launch": true,
            "outpost_arn": "",
            "owner_id": "525993203459",
            "private_dns_hostname_type_on_launch": "ip-name",
            "tags": {
              "Name": "Public Subnet 2"
            },
            "tags_all": {
              "Name": "Public Subnet 2"
            },
            "timeouts": null,
            "vpc_id": "vpc-0f3289e9bd6284cd3"
          },
          "sensitive_attributes": [],
          "private": "eyJlMmJmYjczMC1lY2FhLTExZTYtOGY4OC0zNDM2M2JjN2M0YzAiOnsiY3JlYXRlIjo2MDAwMDAwMDAwMDAsImRlbGV0ZSI6MTIwMDAwMDAwMDAwMH0sInNjaGVtYV92ZXJzaW9uIjoiMSJ9",
          "dependencies": [
            "aws_vpc.web_vpc"
          ]
        }
      ]
    },
    {
      "mode": "managed",
      "type": "aws_vpc",
      "name": "web_vpc",
      "provider": "provider[\"registry.terraform.io/hashicorp/aws\"]",
      "instances": [
        {
          "schema_version": 1,
          "attributes": {
            "arn": "arn:aws:ec2:us-west-2:525993203459:vpc/vpc-0f3289e9bd6284cd3",
            "assign_generated_ipv6_cidr_block": false,
            "cidr_block": "10.1.0.0/16",
            "default_network_acl_id": "acl-0dd46f5ab60cd5a92",
            "default_route_table_id": "rtb-074a5509935d81362",
            "default_security_group_id": "sg-0fd28d71930950bcd",
            "dhcp_options_id": "dopt-0c192aa6bdd0fe289",
            "enable_classiclink": false,
            "enable_classiclink_dns_support": false,
            "enable_dns_hostnames": true,
            "enable_dns_support": true,
            "id": "vpc-0f3289e9bd6284cd3",
            "instance_tenancy": "default",
            "ipv4_ipam_pool_id": null,
            "ipv4_netmask_length": null,
            "ipv6_association_id": "",
            "ipv6_cidr_block": "",
            "ipv6_cidr_block_network_border_group": "",
            "ipv6_ipam_pool_id": "",
            "ipv6_netmask_length": 0,
            "main_route_table_id": "rtb-074a5509935d81362",
            "owner_id": "525993203459",
            "tags": {
              "Name": "Web VPC"
            },
            "tags_all": {
              "Name": "Web VPC"
            }
          },
          "sensitive_attributes": [],
          "private": "eyJzY2hlbWFfdmVyc2lvbiI6IjEifQ=="
        }
      ]
    },
    {
      "mode": "managed",
      "type": "null_resource",
      "name": "clean_up",
      "provider": "provider[\"registry.terraform.io/hashicorp/null\"]",
      "instances": [
        {
          "schema_version": 0,
          "attributes": {
            "id": "2039823307754800372",
            "triggers": null
          },
          "sensitive_attributes": [],
          "private": "bnVsbA=="
        }
      ]
    },
    {
      "mode": "managed",
      "type": "null_resource",
      "name": "image",
      "provider": "provider[\"registry.terraform.io/hashicorp/null\"]",
      "instances": [
        {
          "schema_version": 0,
          "attributes": {
            "id": "4054816956234233524",
            "triggers": null
          },
          "sensitive_attributes": [],
          "private": "bnVsbA==",
          "dependencies": [
            "aws_codecommit_repository.code_repo"
          ]
        }
      ]
    }
  ]
}
